
Microsoft Visual Studio Solution File, Format Version 12.00
# Visual Studio Version 16
VisualStudioVersion = 16.0.29403.142
MinimumVisualStudioVersion = 10.0.40219.1
Project("{FAE04EC0-301F-11D3-BF4B-00C04F79EFBC}") = "GriffBallServer", "..\GriffBallServer\GriffBallServer\GriffBallServer.csproj", "{3D45E78D-46DE-41AB-9A65-89FEAEF557B0}"
EndProject
Project("{FAE04EC0-301F-11D3-BF4B-00C04F79EFBC}") = "GriffBallClient", "GriffBallClient\GriffBallClient.csproj", "{9AA2B556-6E3E-47D3-B88F-F5FAF18C5B05}"
EndProject
Global
	GlobalSection(SolutionConfigurationPlatforms) = preSolution
		Debug|Any CPU = Debug|Any CPU
		Release|Any CPU = Release|Any CPU
	EndGlobalSection
	GlobalSection(ProjectConfigurationPlatforms) = postSolution
		{3D45E78D-46DE-41AB-9A65-89FEAEF557B0}.Debug|Any CPU.ActiveCfg = Debug|Any CPU
		{3D45E78D-46DE-41AB-9A65-89FEAEF557B0}.Debug|Any CPU.Build.0 = Debug|Any CPU
		{3D45E78D-46DE-41AB-9A65-89FEAEF557B0}.Release|Any CPU.ActiveCfg = Release|Any CPU
		{3D45E78D-46DE-41AB-9A65-89FEAEF557B0}.Release|Any CPU.Build.0 = Release|Any CPU
		{9AA2B556-6E3E-47D3-B88F-F5FAF18C5B05}.Debug|Any CPU.ActiveCfg = Debug|Any CPU
		{9AA2B556-6E3E-47D3-B88F-F5FAF18C5B05}.Debug|Any CPU.Build.0 = Debug|Any CPU
		{9AA2B556-6E3E-47D3-B88F-F5FAF18C5B05}.Release|Any CPU.ActiveCfg = Release|Any CPU
		{9AA2B556-6E3E-47D3-B88F-F5FAF18C5B05}.Release|Any CPU.Build.0 = Release|Any CPU
	EndGlobalSection
	GlobalSection(SolutionProperties) = preSolution
		HideSolutionNode = FALSE
	EndGlobalSection
	GlobalSection(ExtensibilityGlobals) = postSolution
		SolutionGuid = {B2830A0D-4A8A-42ED-80BE-41E57AA907C2}
	EndGlobalSection
EndGlobal
